
Microsoft Visual Studio Solution File, Format Version 12.00
# Visual Studio 15
VisualStudioVersion = 15.0.27703.2042
MinimumVisualStudioVersion = 10.0.40219.1
Project("{8BC9CEB8-8B4A-11D0-8D11-00A0C91BC942}") = "P5", "P5\P5.vcxproj", "{408B60F5-14ED-4C53-A69A-5D8CF33C32CE}"
EndProject
Global
	GlobalSection(SolutionConfigurationPlatforms) = preSolution
		Debug|x64 = Debug|x64
		Debug|x86 = Debug|x86
		Release|x64 = Release|x64
		Release|x86 = Release|x86
	EndGlobalSection
	GlobalSection(ProjectConfigurationPlatforms) = postSolution
		{408B60F5-14ED-4C53-A69A-5D8CF33C32CE}.Debug|x64.ActiveCfg = Debug|x64
		{408B60F5-14ED-4C53-A69A-5D8CF33C32CE}.Debug|x64.Build.0 = Debug|x64
		{408B60F5-14ED-4C53-A69A-5D8CF33C32CE}.Debug|x86.ActiveCfg = Debug|Win32
		{408B60F5-14ED-4C53-A69A-5D8CF33C32CE}.Debug|x86.Build.0 = Debug|Win32
		{408B60F5-14ED-4C53-A69A-5D8CF33C32CE}.Release|x64.ActiveCfg = Release|x64
		{408B60F5-14ED-4C53-A69A-5D8CF33C32CE}.Release|x64.Build.0 = Release|x64
		{408B60F5-14ED-4C53-A69A-5D8CF33C32CE}.Release|x86.ActiveCfg = Release|Win32
		{408B60F5-14ED-4C53-A69A-5D8CF33C32CE}.Release|x86.Build.0 = Release|Win32
	EndGlobalSection
	GlobalSection(SolutionProperties) = preSolution
		HideSolutionNode = FALSE
	EndGlobalSection
	GlobalSection(ExtensibilityGlobals) = postSolution
		SolutionGuid = {429270CF-BF3B-4CBE-BF28-5D948C72E3E3}
	EndGlobalSection
EndGlobal
